
Microsoft Visual Studio Solution File, Format Version 12.00
# Visual Studio Version 16
VisualStudioVersion = 16.0.31729.503
MinimumVisualStudioVersion = 10.0.40219.1
Project("{FAE04EC0-301F-11D3-BF4B-00C04F79EFBC}") = "SimMetricsCore", "SimMetricsCore\SimMetricsCore.csproj", "{B643EE2D-446F-48D7-8715-37C7278E05CC}"
EndProject
Global
	GlobalSection(SolutionConfigurationPlatforms) = preSolution
		Debug|Any CPU = Debug|Any CPU
		Release|Any CPU = Release|Any CPU
	EndGlobalSection
	GlobalSection(ProjectConfigurationPlatforms) = postSolution
		{B643EE2D-446F-48D7-8715-37C7278E05CC}.Debug|Any CPU.ActiveCfg = Debug|Any CPU
		{B643EE2D-446F-48D7-8715-37C7278E05CC}.Debug|Any CPU.Build.0 = Debug|Any CPU
		{B643EE2D-446F-48D7-8715-37C7278E05CC}.Release|Any CPU.ActiveCfg = Release|Any CPU
		{B643EE2D-446F-48D7-8715-37C7278E05CC}.Release|Any CPU.Build.0 = Release|Any CPU
	EndGlobalSection
	GlobalSection(SolutionProperties) = preSolution
		HideSolutionNode = FALSE
	EndGlobalSection
	GlobalSection(ExtensibilityGlobals) = postSolution
		SolutionGuid = {8B451459-B670-4785-ABD0-01AE8E989165}
	EndGlobalSection
EndGlobal
